
Microsoft Visual Studio Solution File, Format Version 12.00
# Visual Studio 15
VisualStudioVersion = 15.0.26228.4
MinimumVisualStudioVersion = 10.0.40219.1
Project("{FAE04EC0-301F-11D3-BF4B-00C04F79EFBC}") = "_200CodeStock.Android", "200CodeStock\_200CodeStock.Android\_200CodeStock.Android.csproj", "{4EBC5FC9-682B-4057-851C-3134ACD0DD46}"
EndProject
Project("{FAE04EC0-301F-11D3-BF4B-00C04F79EFBC}") = "_200CodeStock", "200CodeStock\_200CodeStock\_200CodeStock.csproj", "{8D7AB8AA-36FF-4890-B1A8-EB9B10244FE5}"
EndProject
Project("{FAE04EC0-301F-11D3-BF4B-00C04F79EFBC}") = "_200CodeStock.UWP", "200CodeStock\_200CodeStock.UWP\_200CodeStock.UWP.csproj", "{D207AB3E-73EF-431D-8F7D-F5E08D84E118}"
EndProject
Project("{FAE04EC0-301F-11D3-BF4B-00C04F79EFBC}") = "_200CodeStock.iOS", "200CodeStock\_200CodeStock.iOS\_200CodeStock.iOS.csproj", "{BA8DEF4E-FE80-4C7E-A2B7-066177AC527D}"
EndProject
Global
	GlobalSection(SolutionConfigurationPlatforms) = preSolution
		Ad-Hoc|Any CPU = Ad-Hoc|Any CPU
		Ad-Hoc|ARM = Ad-Hoc|ARM
		Ad-Hoc|iPhone = Ad-Hoc|iPhone
		Ad-Hoc|iPhoneSimulator = Ad-Hoc|iPhoneSimulator
		Ad-Hoc|x64 = Ad-Hoc|x64
		Ad-Hoc|x86 = Ad-Hoc|x86
		AppStore|Any CPU = AppStore|Any CPU
		AppStore|ARM = AppStore|ARM
		AppStore|iPhone = AppStore|iPhone
		AppStore|iPhoneSimulator = AppStore|iPhoneSimulator
		AppStore|x64 = AppStore|x64
		AppStore|x86 = AppStore|x86
		Debug|Any CPU = Debug|Any CPU
		Debug|ARM = Debug|ARM
		Debug|iPhone = Debug|iPhone
		Debug|iPhoneSimulator = Debug|iPhoneSimulator
		Debug|x64 = Debug|x64
		Debug|x86 = Debug|x86
		Release|Any CPU = Release|Any CPU
		Release|ARM = Release|ARM
		Release|iPhone = Release|iPhone
		Release|iPhoneSimulator = Release|iPhoneSimulator
		Release|x64 = Release|x64
		Release|x86 = Release|x86
	EndGlobalSection
	GlobalSection(ProjectConfigurationPlatforms) = postSolution
		{4EBC5FC9-682B-4057-851C-3134ACD0DD46}.Ad-Hoc|Any CPU.ActiveCfg = Release|Any CPU
		{4EBC5FC9-682B-4057-851C-3134ACD0DD46}.Ad-Hoc|Any CPU.Build.0 = Release|Any CPU
		{4EBC5FC9-682B-4057-851C-3134ACD0DD46}.Ad-Hoc|Any CPU.Deploy.0 = Release|Any CPU
		{4EBC5FC9-682B-4057-851C-3134ACD0DD46}.Ad-Hoc|ARM.ActiveCfg = Release|Any CPU
		{4EBC5FC9-682B-4057-851C-3134ACD0DD46}.Ad-Hoc|ARM.Build.0 = Release|Any CPU
		{4EBC5FC9-682B-4057-851C-3134ACD0DD46}.Ad-Hoc|ARM.Deploy.0 = Release|Any CPU
		{4EBC5FC9-682B-4057-851C-3134ACD0DD46}.Ad-Hoc|iPhone.ActiveCfg = Release|Any CPU
		{4EBC5FC9-682B-4057-851C-3134ACD0DD46}.Ad-Hoc|iPhone.Build.0 = Release|Any CPU
		{4EBC5FC9-682B-4057-851C-3134ACD0DD46}.Ad-Hoc|iPhone.Deploy.0 = Release|Any CPU
		{4EBC5FC9-682B-4057-851C-3134ACD0DD46}.Ad-Hoc|iPhoneSimulator.ActiveCfg = Release|Any CPU
		{4EBC5FC9-682B-4057-851C-3134ACD0DD46}.Ad-Hoc|iPhoneSimulator.Build.0 = Release|Any CPU
		{4EBC5FC9-682B-4057-851C-3134ACD0DD46}.Ad-Hoc|iPhoneSimulator.Deploy.0 = Release|Any CPU
		{4EBC5FC9-682B-4057-851C-3134ACD0DD46}.Ad-Hoc|x64.ActiveCfg = Release|Any CPU
		{4EBC5FC9-682B-4057-851C-3134ACD0DD46}.Ad-Hoc|x64.Build.0 = Release|Any CPU
		{4EBC5FC9-682B-4057-851C-3134ACD0DD46}.Ad-Hoc|x64.Deploy.0 = Release|Any CPU
		{4EBC5FC9-682B-4057-851C-3134ACD0DD46}.Ad-Hoc|x86.ActiveCfg = Release|Any CPU
		{4EBC5FC9-682B-4057-851C-3134ACD0DD46}.Ad-Hoc|x86.Build.0 = Release|Any CPU
		{4EBC5FC9-682B-4057-851C-3134ACD0DD46}.Ad-Hoc|x86.Deploy.0 = Release|Any CPU
		{4EBC5FC9-682B-4057-851C-3134ACD0DD46}.AppStore|Any CPU.ActiveCfg = Release|Any CPU
		{4EBC5FC9-682B-4057-851C-3134ACD0DD46}.AppStore|Any CPU.Build.0 = Release|Any CPU
		{4EBC5FC9-682B-4057-851C-3134ACD0DD46}.AppStore|Any CPU.Deploy.0 = Release|Any CPU
		{4EBC5FC9-682B-4057-851C-3134ACD0DD46}.AppStore|ARM.ActiveCfg = Release|Any CPU
		{4EBC5FC9-682B-4057-851C-3134ACD0DD46}.AppStore|ARM.Build.0 = Release|Any CPU
		{4EBC5FC9-682B-4057-851C-3134ACD0DD46}.AppStore|ARM.Deploy.0 = Release|Any CPU
		{4EBC5FC9-682B-4057-851C-3134ACD0DD46}.AppStore|iPhone.ActiveCfg = Release|Any CPU
		{4EBC5FC9-682B-4057-851C-3134ACD0DD46}.AppStore|iPhone.Build.0 = Release|Any CPU
		{4EBC5FC9-682B-4057-851C-3134ACD0DD46}.AppStore|iPhone.Deploy.0 = Release|Any CPU
		{4EBC5FC9-682B-4057-851C-3134ACD0DD46}.AppStore|iPhoneSimulator.ActiveCfg = Release|Any CPU
		{4EBC5FC9-682B-4057-851C-3134ACD0DD46}.AppStore|iPhoneSimulator.Build.0 = Release|Any CPU
		{4EBC5FC9-682B-4057-851C-3134ACD0DD46}.AppStore|iPhoneSimulator.Deploy.0 = Release|Any CPU
		{4EBC5FC9-682B-4057-851C-3134ACD0DD46}.AppStore|x64.ActiveCfg = Release|Any CPU
		{4EBC5FC9-682B-4057-851C-3134ACD0DD46}.AppStore|x64.Build.0 = Release|Any CPU
		{4EBC5FC9-682B-4057-851C-3134ACD0DD46}.AppStore|x64.Deploy.0 = Release|Any CPU
		{4EBC5FC9-682B-4057-851C-3134ACD0DD46}.AppStore|x86.ActiveCfg = Release|Any CPU
		{4EBC5FC9-682B-4057-851C-3134ACD0DD46}.AppStore|x86.Build.0 = Release|Any CPU
		{4EBC5FC9-682B-4057-851C-3134ACD0DD46}.AppStore|x86.Deploy.0 = Release|Any CPU
		{4EBC5FC9-682B-4057-851C-3134ACD0DD46}.Debug|Any CPU.ActiveCfg = Debug|Any CPU
		{4EBC5FC9-682B-4057-851C-3134ACD0DD46}.Debug|Any CPU.Build.0 = Debug|Any CPU
		{4EBC5FC9-682B-4057-851C-3134ACD0DD46}.Debug|Any CPU.Deploy.0 = Debug|Any CPU
		{4EBC5FC9-682B-4057-851C-3134ACD0DD46}.Debug|ARM.ActiveCfg = Debug|Any CPU
		{4EBC5FC9-682B-4057-851C-3134ACD0DD46}.Debug|ARM.Build.0 = Debug|Any CPU
		{4EBC5FC9-682B-4057-851C-3134ACD0DD46}.Debug|ARM.Deploy.0 = Debug|Any CPU
		{4EBC5FC9-682B-4057-851C-3134ACD0DD46}.Debug|iPhone.ActiveCfg = Debug|Any CPU
		{4EBC5FC9-682B-4057-851C-3134ACD0DD46}.Debug|iPhone.Build.0 = Debug|Any CPU
		{4EBC5FC9-682B-4057-851C-3134ACD0DD46}.Debug|iPhone.Deploy.0 = Debug|Any CPU
		{4EBC5FC9-682B-4057-851C-3134ACD0DD46}.Debug|iPhoneSimulator.ActiveCfg = Debug|Any CPU
		{4EBC5FC9-682B-4057-851C-3134ACD0DD46}.Debug|iPhoneSimulator.Build.0 = Debug|Any CPU
		{4EBC5FC9-682B-4057-851C-3134ACD0DD46}.Debug|iPhoneSimulator.Deploy.0 = Debug|Any CPU
		{4EBC5FC9-682B-4057-851C-3134ACD0DD46}.Debug|x64.ActiveCfg = Debug|Any CPU
		{4EBC5FC9-682B-4057-851C-3134ACD0DD46}.Debug|x64.Build.0 = Debug|Any CPU
		{4EBC5FC9-682B-4057-851C-3134ACD0DD46}.Debug|x64.Deploy.0 = Debug|Any CPU
		{4EBC5FC9-682B-4057-851C-3134ACD0DD46}.Debug|x86.ActiveCfg = Debug|Any CPU
		{4EBC5FC9-682B-4057-851C-3134ACD0DD46}.Debug|x86.Build.0 = Debug|Any CPU
		{4EBC5FC9-682B-4057-851C-3134ACD0DD46}.Debug|x86.Deploy.0 = Debug|Any CPU
		{4EBC5FC9-682B-4057-851C-3134ACD0DD46}.Release|Any CPU.ActiveCfg = Release|Any CPU
		{4EBC5FC9-682B-4057-851C-3134ACD0DD46}.Release|Any CPU.Build.0 = Release|Any CPU
		{4EBC5FC9-682B-4057-851C-3134ACD0DD46}.Release|Any CPU.Deploy.0 = Release|Any CPU
		{4EBC5FC9-682B-4057-851C-3134ACD0DD46}.Release|ARM.ActiveCfg = Release|Any CPU
		{4EBC5FC9-682B-4057-851C-3134ACD0DD46}.Release|ARM.Build.0 = Release|Any CPU
		{4EBC5FC9-682B-4057-851C-3134ACD0DD46}.Release|ARM.Deploy.0 = Release|Any CPU
		{4EBC5FC9-682B-4057-851C-3134ACD0DD46}.Release|iPhone.ActiveCfg = Release|Any CPU
		{4EBC5FC9-682B-4057-851C-3134ACD0DD46}.Release|iPhone.Build.0 = Release|Any CPU
		{4EBC5FC9-682B-4057-851C-3134ACD0DD46}.Release|iPhone.Deploy.0 = Release|Any CPU
		{4EBC5FC9-682B-4057-851C-3134ACD0DD46}.Release|iPhoneSimulator.ActiveCfg = Release|Any CPU
		{4EBC5FC9-682B-4057-851C-3134ACD0DD46}.Release|iPhoneSimulator.Build.0 = Release|Any CPU
		{4EBC5FC9-682B-4057-851C-3134ACD0DD46}.Release|iPhoneSimulator.Deploy.0 = Release|Any CPU
		{4EBC5FC9-682B-4057-851C-3134ACD0DD46}.Release|x64.ActiveCfg = Release|Any CPU
		{4EBC5FC9-682B-4057-851C-3134ACD0DD46}.Release|x64.Build.0 = Release|Any CPU
		{4EBC5FC9-682B-4057-851C-3134ACD0DD46}.Release|x64.Deploy.0 = Release|Any CPU
		{4EBC5FC9-682B-4057-851C-3134ACD0DD46}.Release|x86.ActiveCfg = Release|Any CPU
		{4EBC5FC9-682B-4057-851C-3134ACD0DD46}.Release|x86.Build.0 = Release|Any CPU
		{4EBC5FC9-682B-4057-851C-3134ACD0DD46}.Release|x86.Deploy.0 = Release|Any CPU
		{8D7AB8AA-36FF-4890-B1A8-EB9B10244FE5}.Ad-Hoc|Any CPU.ActiveCfg = Release|Any CPU
		{8D7AB8AA-36FF-4890-B1A8-EB9B10244FE5}.Ad-Hoc|Any CPU.Build.0 = Release|Any CPU
		{8D7AB8AA-36FF-4890-B1A8-EB9B10244FE5}.Ad-Hoc|ARM.ActiveCfg = Release|Any CPU
		{8D7AB8AA-36FF-4890-B1A8-EB9B10244FE5}.Ad-Hoc|ARM.Build.0 = Release|Any CPU
		{8D7AB8AA-36FF-4890-B1A8-EB9B10244FE5}.Ad-Hoc|iPhone.ActiveCfg = Release|Any CPU
		{8D7AB8AA-36FF-4890-B1A8-EB9B10244FE5}.Ad-Hoc|iPhone.Build.0 = Release|Any CPU
		{8D7AB8AA-36FF-4890-B1A8-EB9B10244FE5}.Ad-Hoc|iPhoneSimulator.ActiveCfg = Release|Any CPU
		{8D7AB8AA-36FF-4890-B1A8-EB9B10244FE5}.Ad-Hoc|iPhoneSimulator.Build.0 = Release|Any CPU
		{8D7AB8AA-36FF-4890-B1A8-EB9B10244FE5}.Ad-Hoc|x64.ActiveCfg = Release|Any CPU
		{8D7AB8AA-36FF-4890-B1A8-EB9B10244FE5}.Ad-Hoc|x64.Build.0 = Release|Any CPU
		{8D7AB8AA-36FF-4890-B1A8-EB9B10244FE5}.Ad-Hoc|x86.ActiveCfg = Release|Any CPU
		{8D7AB8AA-36FF-4890-B1A8-EB9B10244FE5}.Ad-Hoc|x86.Build.0 = Release|Any CPU
		{8D7AB8AA-36FF-4890-B1A8-EB9B10244FE5}.AppStore|Any CPU.ActiveCfg = Release|Any CPU
		{8D7AB8AA-36FF-4890-B1A8-EB9B10244FE5}.AppStore|Any CPU.Build.0 = Release|Any CPU
		{8D7AB8AA-36FF-4890-B1A8-EB9B10244FE5}.AppStore|ARM.ActiveCfg = Release|Any CPU
		{8D7AB8AA-36FF-4890-B1A8-EB9B10244FE5}.AppStore|ARM.Build.0 = Release|Any CPU
		{8D7AB8AA-36FF-4890-B1A8-EB9B10244FE5}.AppStore|iPhone.ActiveCfg = Release|Any CPU
		{8D7AB8AA-36FF-4890-B1A8-EB9B10244FE5}.AppStore|iPhone.Build.0 = Release|Any CPU
		{8D7AB8AA-36FF-4890-B1A8-EB9B10244FE5}.AppStore|iPhoneSimulator.ActiveCfg = Release|Any CPU
		{8D7AB8AA-36FF-4890-B1A8-EB9B10244FE5}.AppStore|iPhoneSimulator.Build.0 = Release|Any CPU
		{8D7AB8AA-36FF-4890-B1A8-EB9B10244FE5}.AppStore|x64.ActiveCfg = Release|Any CPU
		{8D7AB8AA-36FF-4890-B1A8-EB9B10244FE5}.AppStore|x64.Build.0 = Release|Any CPU
		{8D7AB8AA-36FF-4890-B1A8-EB9B10244FE5}.AppStore|x86.ActiveCfg = Release|Any CPU
		{8D7AB8AA-36FF-4890-B1A8-EB9B10244FE5}.AppStore|x86.Build.0 = Release|Any CPU
		{8D7AB8AA-36FF-4890-B1A8-EB9B10244FE5}.Debug|Any CPU.ActiveCfg = Debug|Any CPU
		{8D7AB8AA-36FF-4890-B1A8-EB9B10244FE5}.Debug|Any CPU.Build.0 = Debug|Any CPU
		{8D7AB8AA-36FF-4890-B1A8-EB9B10244FE5}.Debug|ARM.ActiveCfg = Debug|Any CPU
		{8D7AB8AA-36FF-4890-B1A8-EB9B10244FE5}.Debug|ARM.Build.0 = Debug|Any CPU
		{8D7AB8AA-36FF-4890-B1A8-EB9B10244FE5}.Debug|iPhone.ActiveCfg = Debug|Any CPU
		{8D7AB8AA-36FF-4890-B1A8-EB9B10244FE5}.Debug|iPhone.Build.0 = Debug|Any CPU
		{8D7AB8AA-36FF-4890-B1A8-EB9B10244FE5}.Debug|iPhoneSimulator.ActiveCfg = Debug|Any CPU
		{8D7AB8AA-36FF-4890-B1A8-EB9B10244FE5}.Debug|iPhoneSimulator.Build.0 = Debug|Any CPU
		{8D7AB8AA-36FF-4890-B1A8-EB9B10244FE5}.Debug|x64.ActiveCfg = Debug|Any CPU
		{8D7AB8AA-36FF-4890-B1A8-EB9B10244FE5}.Debug|x64.Build.0 = Debug|Any CPU
		{8D7AB8AA-36FF-4890-B1A8-EB9B10244FE5}.Debug|x86.ActiveCfg = Debug|Any CPU
		{8D7AB8AA-36FF-4890-B1A8-EB9B10244FE5}.Debug|x86.Build.0 = Debug|Any CPU
		{8D7AB8AA-36FF-4890-B1A8-EB9B10244FE5}.Release|Any CPU.ActiveCfg = Release|Any CPU
		{8D7AB8AA-36FF-4890-B1A8-EB9B10244FE5}.Release|Any CPU.Build.0 = Release|Any CPU
		{8D7AB8AA-36FF-4890-B1A8-EB9B10244FE5}.Release|ARM.ActiveCfg = Release|Any CPU
		{8D7AB8AA-36FF-4890-B1A8-EB9B10244FE5}.Release|ARM.Build.0 = Release|Any CPU
		{8D7AB8AA-36FF-4890-B1A8-EB9B10244FE5}.Release|iPhone.ActiveCfg = Release|Any CPU
		{8D7AB8AA-36FF-4890-B1A8-EB9B10244FE5}.Release|iPhone.Build.0 = Release|Any CPU
		{8D7AB8AA-36FF-4890-B1A8-EB9B10244FE5}.Release|iPhoneSimulator.ActiveCfg = Release|Any CPU
		{8D7AB8AA-36FF-4890-B1A8-EB9B10244FE5}.Release|iPhoneSimulator.Build.0 = Release|Any CPU
		{8D7AB8AA-36FF-4890-B1A8-EB9B10244FE5}.Release|x64.ActiveCfg = Release|Any CPU
		{8D7AB8AA-36FF-4890-B1A8-EB9B10244FE5}.Release|x64.Build.0 = Release|Any CPU
		{8D7AB8AA-36FF-4890-B1A8-EB9B10244FE5}.Release|x86.ActiveCfg = Release|Any CPU
		{8D7AB8AA-36FF-4890-B1A8-EB9B10244FE5}.Release|x86.Build.0 = Release|Any CPU
		{D207AB3E-73EF-431D-8F7D-F5E08D84E118}.Ad-Hoc|Any CPU.ActiveCfg = Release|x86
		{D207AB3E-73EF-431D-8F7D-F5E08D84E118}.Ad-Hoc|Any CPU.Build.0 = Release|x86
		{D207AB3E-73EF-431D-8F7D-F5E08D84E118}.Ad-Hoc|Any CPU.Deploy.0 = Release|x86
		{D207AB3E-73EF-431D-8F7D-F5E08D84E118}.Ad-Hoc|ARM.ActiveCfg = Release|ARM
		{D207AB3E-73EF-431D-8F7D-F5E08D84E118}.Ad-Hoc|ARM.Build.0 = Release|ARM
		{D207AB3E-73EF-431D-8F7D-F5E08D84E118}.Ad-Hoc|ARM.Deploy.0 = Release|ARM
		{D207AB3E-73EF-431D-8F7D-F5E08D84E118}.Ad-Hoc|iPhone.ActiveCfg = Release|x86
		{D207AB3E-73EF-431D-8F7D-F5E08D84E118}.Ad-Hoc|iPhone.Build.0 = Release|x86
		{D207AB3E-73EF-431D-8F7D-F5E08D84E118}.Ad-Hoc|iPhone.Deploy.0 = Release|x86
		{D207AB3E-73EF-431D-8F7D-F5E08D84E118}.Ad-Hoc|iPhoneSimulator.ActiveCfg = Release|x86
		{D207AB3E-73EF-431D-8F7D-F5E08D84E118}.Ad-Hoc|iPhoneSimulator.Build.0 = Release|x86
		{D207AB3E-73EF-431D-8F7D-F5E08D84E118}.Ad-Hoc|iPhoneSimulator.Deploy.0 = Release|x86
		{D207AB3E-73EF-431D-8F7D-F5E08D84E118}.Ad-Hoc|x64.ActiveCfg = Release|x64
		{D207AB3E-73EF-431D-8F7D-F5E08D84E118}.Ad-Hoc|x64.Build.0 = Release|x64
		{D207AB3E-73EF-431D-8F7D-F5E08D84E118}.Ad-Hoc|x64.Deploy.0 = Release|x64
		{D207AB3E-73EF-431D-8F7D-F5E08D84E118}.Ad-Hoc|x86.ActiveCfg = Release|x86
		{D207AB3E-73EF-431D-8F7D-F5E08D84E118}.Ad-Hoc|x86.Build.0 = Release|x86
		{D207AB3E-73EF-431D-8F7D-F5E08D84E118}.Ad-Hoc|x86.Deploy.0 = Release|x86
		{D207AB3E-73EF-431D-8F7D-F5E08D84E118}.AppStore|Any CPU.ActiveCfg = Release|x86
		{D207AB3E-73EF-431D-8F7D-F5E08D84E118}.AppStore|Any CPU.Build.0 = Release|x86
		{D207AB3E-73EF-431D-8F7D-F5E08D84E118}.AppStore|Any CPU.Deploy.0 = Release|x86
		{D207AB3E-73EF-431D-8F7D-F5E08D84E118}.AppStore|ARM.ActiveCfg = Release|ARM
		{D207AB3E-73EF-431D-8F7D-F5E08D84E118}.AppStore|ARM.Build.0 = Release|ARM
		{D207AB3E-73EF-431D-8F7D-F5E08D84E118}.AppStore|ARM.Deploy.0 = Release|ARM
		{D207AB3E-73EF-431D-8F7D-F5E08D84E118}.AppStore|iPhone.ActiveCfg = Release|x86
		{D207AB3E-73EF-431D-8F7D-F5E08D84E118}.AppStore|iPhone.Build.0 = Release|x86
		{D207AB3E-73EF-431D-8F7D-F5E08D84E118}.AppStore|iPhone.Deploy.0 = Release|x86
		{D207AB3E-73EF-431D-8F7D-F5E08D84E118}.AppStore|iPhoneSimulator.ActiveCfg = Release|x86
		{D207AB3E-73EF-431D-8F7D-F5E08D84E118}.AppStore|iPhoneSimulator.Build.0 = Release|x86
		{D207AB3E-73EF-431D-8F7D-F5E08D84E118}.AppStore|iPhoneSimulator.Deploy.0 = Release|x86
		{D207AB3E-73EF-431D-8F7D-F5E08D84E118}.AppStore|x64.ActiveCfg = Release|x64
		{D207AB3E-73EF-431D-8F7D-F5E08D84E118}.AppStore|x64.Build.0 = Release|x64
		{D207AB3E-73EF-431D-8F7D-F5E08D84E118}.AppStore|x64.Deploy.0 = Release|x64
		{D207AB3E-73EF-431D-8F7D-F5E08D84E118}.AppStore|x86.ActiveCfg = Release|x86
		{D207AB3E-73EF-431D-8F7D-F5E08D84E118}.AppStore|x86.Build.0 = Release|x86
		{D207AB3E-73EF-431D-8F7D-F5E08D84E118}.AppStore|x86.Deploy.0 = Release|x86
		{D207AB3E-73EF-431D-8F7D-F5E08D84E118}.Debug|Any CPU.ActiveCfg = Debug|x86
		{D207AB3E-73EF-431D-8F7D-F5E08D84E118}.Debug|ARM.ActiveCfg = Debug|ARM
		{D207AB3E-73EF-431D-8F7D-F5E08D84E118}.Debug|ARM.Build.0 = Debug|ARM
		{D207AB3E-73EF-431D-8F7D-F5E08D84E118}.Debug|ARM.Deploy.0 = Debug|ARM
		{D207AB3E-73EF-431D-8F7D-F5E08D84E118}.Debug|iPhone.ActiveCfg = Debug|x86
		{D207AB3E-73EF-431D-8F7D-F5E08D84E118}.Debug|iPhoneSimulator.ActiveCfg = Debug|x86
		{D207AB3E-73EF-431D-8F7D-F5E08D84E118}.Debug|x64.ActiveCfg = Debug|x64
		{D207AB3E-73EF-431D-8F7D-F5E08D84E118}.Debug|x64.Build.0 = Debug|x64
		{D207AB3E-73EF-431D-8F7D-F5E08D84E118}.Debug|x64.Deploy.0 = Debug|x64
		{D207AB3E-73EF-431D-8F7D-F5E08D84E118}.Debug|x86.ActiveCfg = Debug|x86
		{D207AB3E-73EF-431D-8F7D-F5E08D84E118}.Debug|x86.Build.0 = Debug|x86
		{D207AB3E-73EF-431D-8F7D-F5E08D84E118}.Debug|x86.Deploy.0 = Debug|x86
		{D207AB3E-73EF-431D-8F7D-F5E08D84E118}.Release|Any CPU.ActiveCfg = Release|x86
		{D207AB3E-73EF-431D-8F7D-F5E08D84E118}.Release|ARM.ActiveCfg = Release|ARM
		{D207AB3E-73EF-431D-8F7D-F5E08D84E118}.Release|ARM.Build.0 = Release|ARM
		{D207AB3E-73EF-431D-8F7D-F5E08D84E118}.Release|ARM.Deploy.0 = Release|ARM
		{D207AB3E-73EF-431D-8F7D-F5E08D84E118}.Release|iPhone.ActiveCfg = Release|x86
		{D207AB3E-73EF-431D-8F7D-F5E08D84E118}.Release|iPhoneSimulator.ActiveCfg = Release|x86
		{D207AB3E-73EF-431D-8F7D-F5E08D84E118}.Release|x64.ActiveCfg = Release|x64
		{D207AB3E-73EF-431D-8F7D-F5E08D84E118}.Release|x64.Build.0 = Release|x64
		{D207AB3E-73EF-431D-8F7D-F5E08D84E118}.Release|x64.Deploy.0 = Release|x64
		{D207AB3E-73EF-431D-8F7D-F5E08D84E118}.Release|x86.ActiveCfg = Release|x86
		{D207AB3E-73EF-431D-8F7D-F5E08D84E118}.Release|x86.Build.0 = Release|x86
		{D207AB3E-73EF-431D-8F7D-F5E08D84E118}.Release|x86.Deploy.0 = Release|x86
		{BA8DEF4E-FE80-4C7E-A2B7-066177AC527D}.Ad-Hoc|Any CPU.ActiveCfg = Ad-Hoc|iPhone
		{BA8DEF4E-FE80-4C7E-A2B7-066177AC527D}.Ad-Hoc|ARM.ActiveCfg = Ad-Hoc|iPhone
		{BA8DEF4E-FE80-4C7E-A2B7-066177AC527D}.Ad-Hoc|iPhone.ActiveCfg = Ad-Hoc|iPhone
		{BA8DEF4E-FE80-4C7E-A2B7-066177AC527D}.Ad-Hoc|iPhone.Build.0 = Ad-Hoc|iPhone
		{BA8DEF4E-FE80-4C7E-A2B7-066177AC527D}.Ad-Hoc|iPhoneSimulator.ActiveCfg = Ad-Hoc|iPhoneSimulator
		{BA8DEF4E-FE80-4C7E-A2B7-066177AC527D}.Ad-Hoc|iPhoneSimulator.Build.0 = Ad-Hoc|iPhoneSimulator
		{BA8DEF4E-FE80-4C7E-A2B7-066177AC527D}.Ad-Hoc|x64.ActiveCfg = Ad-Hoc|iPhone
		{BA8DEF4E-FE80-4C7E-A2B7-066177AC527D}.Ad-Hoc|x86.ActiveCfg = Ad-Hoc|iPhone
		{BA8DEF4E-FE80-4C7E-A2B7-066177AC527D}.AppStore|Any CPU.ActiveCfg = AppStore|iPhone
		{BA8DEF4E-FE80-4C7E-A2B7-066177AC527D}.AppStore|ARM.ActiveCfg = AppStore|iPhone
		{BA8DEF4E-FE80-4C7E-A2B7-066177AC527D}.AppStore|iPhone.ActiveCfg = AppStore|iPhone
		{BA8DEF4E-FE80-4C7E-A2B7-066177AC527D}.AppStore|iPhone.Build.0 = AppStore|iPhone
		{BA8DEF4E-FE80-4C7E-A2B7-066177AC527D}.AppStore|iPhoneSimulator.ActiveCfg = AppStore|iPhoneSimulator
		{BA8DEF4E-FE80-4C7E-A2B7-066177AC527D}.AppStore|iPhoneSimulator.Build.0 = AppStore|iPhoneSimulator
		{BA8DEF4E-FE80-4C7E-A2B7-066177AC527D}.AppStore|x64.ActiveCfg = AppStore|iPhone
		{BA8DEF4E-FE80-4C7E-A2B7-066177AC527D}.AppStore|x86.ActiveCfg = AppStore|iPhone
		{BA8DEF4E-FE80-4C7E-A2B7-066177AC527D}.Debug|Any CPU.ActiveCfg = Debug|iPhone
		{BA8DEF4E-FE80-4C7E-A2B7-066177AC527D}.Debug|ARM.ActiveCfg = Debug|iPhone
		{BA8DEF4E-FE80-4C7E-A2B7-066177AC527D}.Debug|iPhone.ActiveCfg = Debug|iPhone
		{BA8DEF4E-FE80-4C7E-A2B7-066177AC527D}.Debug|iPhone.Build.0 = Debug|iPhone
		{BA8DEF4E-FE80-4C7E-A2B7-066177AC527D}.Debug|iPhoneSimulator.ActiveCfg = Debug|iPhoneSimulator
		{BA8DEF4E-FE80-4C7E-A2B7-066177AC527D}.Debug|iPhoneSimulator.Build.0 = Debug|iPhoneSimulator
		{BA8DEF4E-FE80-4C7E-A2B7-066177AC527D}.Debug|x64.ActiveCfg = Debug|iPhone
		{BA8DEF4E-FE80-4C7E-A2B7-066177AC527D}.Debug|x86.ActiveCfg = Debug|iPhone
		{BA8DEF4E-FE80-4C7E-A2B7-066177AC527D}.Release|Any CPU.ActiveCfg = Release|iPhone
		{BA8DEF4E-FE80-4C7E-A2B7-066177AC527D}.Release|ARM.ActiveCfg = Release|iPhone
		{BA8DEF4E-FE80-4C7E-A2B7-066177AC527D}.Release|iPhone.ActiveCfg = Release|iPhone
		{BA8DEF4E-FE80-4C7E-A2B7-066177AC527D}.Release|iPhone.Build.0 = Release|iPhone
		{BA8DEF4E-FE80-4C7E-A2B7-066177AC527D}.Release|iPhoneSimulator.ActiveCfg = Release|iPhoneSimulator
		{BA8DEF4E-FE80-4C7E-A2B7-066177AC527D}.Release|iPhoneSimulator.Build.0 = Release|iPhoneSimulator
		{BA8DEF4E-FE80-4C7E-A2B7-066177AC527D}.Release|x64.ActiveCfg = Release|iPhone
		{BA8DEF4E-FE80-4C7E-A2B7-066177AC527D}.Release|x86.ActiveCfg = Release|iPhone
	EndGlobalSection
	GlobalSection(SolutionProperties) = preSolution
		HideSolutionNode = FALSE
	EndGlobalSection
EndGlobal
